
Microsoft Visual Studio Solution File, Format Version 12.00
# Visual Studio Version 17
VisualStudioVersion = 17.7.34221.43
MinimumVisualStudioVersion = 10.0.40219.1
Project("{FAE04EC0-301F-11D3-BF4B-00C04F79EFBC}") = "AC_Move", "AC_Move\AC_Move.csproj", "{68568830-098B-4F6B-B3A9-849699004FB1}"
EndProject
Global
	GlobalSection(SolutionConfigurationPlatforms) = preSolution
		Debug|Any CPU = Debug|Any CPU
		Release|Any CPU = Release|Any CPU
	EndGlobalSection
	GlobalSection(ProjectConfigurationPlatforms) = postSolution
		{68568830-098B-4F6B-B3A9-849699004FB1}.Debug|Any CPU.ActiveCfg = Debug|Any CPU
		{68568830-098B-4F6B-B3A9-849699004FB1}.Debug|Any CPU.Build.0 = Debug|Any CPU
		{68568830-098B-4F6B-B3A9-849699004FB1}.Release|Any CPU.ActiveCfg = Release|Any CPU
		{68568830-098B-4F6B-B3A9-849699004FB1}.Release|Any CPU.Build.0 = Release|Any CPU
	EndGlobalSection
	GlobalSection(SolutionProperties) = preSolution
		HideSolutionNode = FALSE
	EndGlobalSection
	GlobalSection(ExtensibilityGlobals) = postSolution
		SolutionGuid = {6402CF9A-CFEF-46EE-A7B4-20565CE1AAC8}
	EndGlobalSection
EndGlobal
